
Microsoft Visual Studio Solution File, Format Version 12.00
# Visual Studio Version 17
VisualStudioVersion = 17.0.32112.339
MinimumVisualStudioVersion = 10.0.40219.1
Project("{FAE04EC0-301F-11D3-BF4B-00C04F79EFBC}") = "N01419541_JatinderSingh_Assignment2_3", "N01419541_JatinderSingh_Assignment2_3\N01419541_JatinderSingh_Assignment2_3.csproj", "{ACC0A7C9-CB85-49DD-931B-12E7EC6E0E1B}"
EndProject
Global
	GlobalSection(SolutionConfigurationPlatforms) = preSolution
		Debug|Any CPU = Debug|Any CPU
		Release|Any CPU = Release|Any CPU
	EndGlobalSection
	GlobalSection(ProjectConfigurationPlatforms) = postSolution
		{ACC0A7C9-CB85-49DD-931B-12E7EC6E0E1B}.Debug|Any CPU.ActiveCfg = Debug|Any CPU
		{ACC0A7C9-CB85-49DD-931B-12E7EC6E0E1B}.Debug|Any CPU.Build.0 = Debug|Any CPU
		{ACC0A7C9-CB85-49DD-931B-12E7EC6E0E1B}.Release|Any CPU.ActiveCfg = Release|Any CPU
		{ACC0A7C9-CB85-49DD-931B-12E7EC6E0E1B}.Release|Any CPU.Build.0 = Release|Any CPU
	EndGlobalSection
	GlobalSection(SolutionProperties) = preSolution
		HideSolutionNode = FALSE
	EndGlobalSection
	GlobalSection(ExtensibilityGlobals) = postSolution
		SolutionGuid = {EDD35F8A-FC3A-4A94-AA65-3E5325C10180}
	EndGlobalSection
EndGlobal
